<Solution>
  <Folder Name="/src/">
    <Project Path="src/Food.Api/Food.Api.csproj" />
    <Project Path="src/Food.Application/Food.Application.csproj" />
    <Project Path="src/Food.Domain/Food.Domain.csproj" />
    <Project Path="src/Food.Infrastructure/Food.Infrastructure.csproj" />
    <Project Path="src/Food.Shared/Food.Shared.csproj" />
  </Folder>
  <Folder Name="/tests/">
    <Project Path="tests/Food.Application.Tests/Food.Application.Tests.csproj" />
    <Project Path="tests/Food.Domain.Tests/Food.Domain.Tests.csproj" />
  </Folder>
</Solution>
